
Microsoft Visual Studio Solution File, Format Version 12.00
# Visual Studio Version 17
VisualStudioVersion = 17.9.34622.214
MinimumVisualStudioVersion = 10.0.40219.1
Project("{2150E333-8FDC-42A3-9474-1A3956D46DE8}") = "1 Enterprice Business Rules", "1 Enterprice Business Rules", "{873389EA-684B-4BC4-8BDC-B8B9540420BB}"
EndProject
Project("{2150E333-8FDC-42A3-9474-1A3956D46DE8}") = "2 Aplication Business Rules", "2 Aplication Business Rules", "{9647E938-26B0-4B53-85D5-E8139B0EDC0F}"
EndProject
Project("{2150E333-8FDC-42A3-9474-1A3956D46DE8}") = "3 Interface Adapter", "3 Interface Adapter", "{2F104538-526B-4746-8047-1305AAEBE970}"
EndProject
Project("{2150E333-8FDC-42A3-9474-1A3956D46DE8}") = "4 Frameworks And Drivers", "4 Frameworks And Drivers", "{A72E5619-B6FD-43A0-BE2F-8F9261B22497}"
EndProject
Project("{9A19103F-16F7-4668-BE54-9A1E7A4F7556}") = "Entities", "Entities\Entities.csproj", "{818555D1-8FF5-4432-9A2B-DEAE9F3AD557}"
EndProject
Project("{9A19103F-16F7-4668-BE54-9A1E7A4F7556}") = "DTOs", "DTOs\DTOs.csproj", "{7827031B-2390-41CB-B656-9F257B753D15}"
EndProject
Project("{2150E333-8FDC-42A3-9474-1A3956D46DE8}") = "Gateways", "Gateways", "{F1599523-C8E2-44B4-A16A-D754112C420D}"
EndProject
Project("{9A19103F-16F7-4668-BE54-9A1E7A4F7556}") = "RepositoryEFCore", "RepositoryEFCore\RepositoryEFCore.csproj", "{6B587ACA-CF8E-4B8F-8213-7493FA81B3E4}"
EndProject
Project("{9A19103F-16F7-4668-BE54-9A1E7A4F7556}") = "UseCasesPort", "UseCasesPort\UseCasesPort.csproj", "{C01B6393-4A8B-49AC-BC09-55A3A8AC05AC}"
EndProject
Project("{9A19103F-16F7-4668-BE54-9A1E7A4F7556}") = "UseCases", "UseCases\UseCases.csproj", "{46B67C50-EF4A-4A44-9FBA-9F8344F9A190}"
EndProject
Project("{2150E333-8FDC-42A3-9474-1A3956D46DE8}") = "Presenters", "Presenters", "{D4756A87-8B8B-49E8-A0F5-75B5363ABBED}"
EndProject
Project("{9A19103F-16F7-4668-BE54-9A1E7A4F7556}") = "Presenters", "Presenters\Presenters.csproj", "{AB0F2D38-CCDA-4188-886C-F003A6B84F10}"
EndProject
Project("{2150E333-8FDC-42A3-9474-1A3956D46DE8}") = "Controlers", "Controlers", "{79708797-6459-4D29-9DB9-F05AE183AAF0}"
EndProject
Project("{9A19103F-16F7-4668-BE54-9A1E7A4F7556}") = "IoC", "IoC\IoC.csproj", "{C89EBC21-DBBB-4EA8-8AB7-FA14C77E5691}"
EndProject
Project("{2150E333-8FDC-42A3-9474-1A3956D46DE8}") = "UI", "UI", "{D61CCFA8-898C-49FD-9350-8D75BE3C9E1A}"
EndProject
Project("{9A19103F-16F7-4668-BE54-9A1E7A4F7556}") = "ApiUser", "ApiUser\ApiUser.csproj", "{DA1FDABB-B4A4-4F56-AF24-A1F56AFE6A70}"
EndProject
Project("{9A19103F-16F7-4668-BE54-9A1E7A4F7556}") = "UserController", "UserController\UserController.csproj", "{46C92A54-52CB-4FC4-A320-FFB00B671CB3}"
EndProject
Project("{9A19103F-16F7-4668-BE54-9A1E7A4F7556}") = "ApiHistoryPlayback", "ApiHistoryPlayback\ApiHistoryPlayback.csproj", "{66E1B72D-BEE0-4855-BC3F-8BF20C083B11}"
EndProject
Project("{9A19103F-16F7-4668-BE54-9A1E7A4F7556}") = "HistoryPlaybackController", "HistoryPlaybackController\HistoryPlaybackController.csproj", "{F0EE904D-D5A9-4157-BE87-92D64CF17201}"
EndProject
Project("{9A19103F-16F7-4668-BE54-9A1E7A4F7556}") = "ApiContent", "ApiContent\ApiContent.csproj", "{BC70FFAB-67E6-4027-8E70-28F632429893}"
EndProject
Project("{9A19103F-16F7-4668-BE54-9A1E7A4F7556}") = "ContentController", "ContentController\ContentController.csproj", "{AAB8AF59-B9B4-4A8A-93F8-323E23A42D0D}"
EndProject
Project("{9A19103F-16F7-4668-BE54-9A1E7A4F7556}") = "ApiCategoryContent", "ApiCategoryContent\ApiCategoryContent.csproj", "{F21DD400-9121-444B-9A8B-E061D536F7E0}"
EndProject
Project("{9A19103F-16F7-4668-BE54-9A1E7A4F7556}") = "CategoryContentController", "CategoryContentController\CategoryContentController.csproj", "{8FB2B59E-4F58-494A-A01A-9B88BA662528}"
EndProject
Project("{9A19103F-16F7-4668-BE54-9A1E7A4F7556}") = "CategoryController", "CategoryController\CategoryController.csproj", "{270F780C-6676-4821-9BFD-9373050827D0}"
EndProject
Project("{9A19103F-16F7-4668-BE54-9A1E7A4F7556}") = "ApiCategory", "ApiCategory\ApiCategory.csproj", "{74F96B53-C15B-40A4-ABD1-ADC594E68881}"
EndProject
Project("{9A19103F-16F7-4668-BE54-9A1E7A4F7556}") = "RepositoryEmail", "RepositoryEmail\RepositoryEmail.csproj", "{A0A2FADB-1607-4F49-9F7C-07B29CB507D9}"
EndProject
Project("{9A19103F-16F7-4668-BE54-9A1E7A4F7556}") = "ApiGateway", "ApiGateway\ApiGateway.csproj", "{2086BFD5-0994-4CD3-A6AF-918938CE4BF3}"
EndProject
Project("{FAE04EC0-301F-11D3-BF4B-00C04F79EFBC}") = "TestSpiderWatcher", "TestSpiderWatcher\TestSpiderWatcher.csproj", "{651A4910-836D-471C-918B-BA0C29A180D1}"
EndProject
Global
	GlobalSection(SolutionConfigurationPlatforms) = preSolution
		Debug|Any CPU = Debug|Any CPU
		Release|Any CPU = Release|Any CPU
	EndGlobalSection
	GlobalSection(ProjectConfigurationPlatforms) = postSolution
		{818555D1-8FF5-4432-9A2B-DEAE9F3AD557}.Debug|Any CPU.ActiveCfg = Debug|Any CPU
		{818555D1-8FF5-4432-9A2B-DEAE9F3AD557}.Debug|Any CPU.Build.0 = Debug|Any CPU
		{818555D1-8FF5-4432-9A2B-DEAE9F3AD557}.Release|Any CPU.ActiveCfg = Release|Any CPU
		{818555D1-8FF5-4432-9A2B-DEAE9F3AD557}.Release|Any CPU.Build.0 = Release|Any CPU
		{7827031B-2390-41CB-B656-9F257B753D15}.Debug|Any CPU.ActiveCfg = Debug|Any CPU
		{7827031B-2390-41CB-B656-9F257B753D15}.Debug|Any CPU.Build.0 = Debug|Any CPU
		{7827031B-2390-41CB-B656-9F257B753D15}.Release|Any CPU.ActiveCfg = Release|Any CPU
		{7827031B-2390-41CB-B656-9F257B753D15}.Release|Any CPU.Build.0 = Release|Any CPU
		{6B587ACA-CF8E-4B8F-8213-7493FA81B3E4}.Debug|Any CPU.ActiveCfg = Debug|Any CPU
		{6B587ACA-CF8E-4B8F-8213-7493FA81B3E4}.Debug|Any CPU.Build.0 = Debug|Any CPU
		{6B587ACA-CF8E-4B8F-8213-7493FA81B3E4}.Release|Any CPU.ActiveCfg = Release|Any CPU
		{6B587ACA-CF8E-4B8F-8213-7493FA81B3E4}.Release|Any CPU.Build.0 = Release|Any CPU
		{C01B6393-4A8B-49AC-BC09-55A3A8AC05AC}.Debug|Any CPU.ActiveCfg = Debug|Any CPU
		{C01B6393-4A8B-49AC-BC09-55A3A8AC05AC}.Debug|Any CPU.Build.0 = Debug|Any CPU
		{C01B6393-4A8B-49AC-BC09-55A3A8AC05AC}.Release|Any CPU.ActiveCfg = Release|Any CPU
		{C01B6393-4A8B-49AC-BC09-55A3A8AC05AC}.Release|Any CPU.Build.0 = Release|Any CPU
		{46B67C50-EF4A-4A44-9FBA-9F8344F9A190}.Debug|Any CPU.ActiveCfg = Debug|Any CPU
		{46B67C50-EF4A-4A44-9FBA-9F8344F9A190}.Debug|Any CPU.Build.0 = Debug|Any CPU
		{46B67C50-EF4A-4A44-9FBA-9F8344F9A190}.Release|Any CPU.ActiveCfg = Release|Any CPU
		{46B67C50-EF4A-4A44-9FBA-9F8344F9A190}.Release|Any CPU.Build.0 = Release|Any CPU
		{AB0F2D38-CCDA-4188-886C-F003A6B84F10}.Debug|Any CPU.ActiveCfg = Debug|Any CPU
		{AB0F2D38-CCDA-4188-886C-F003A6B84F10}.Debug|Any CPU.Build.0 = Debug|Any CPU
		{AB0F2D38-CCDA-4188-886C-F003A6B84F10}.Release|Any CPU.ActiveCfg = Release|Any CPU
		{AB0F2D38-CCDA-4188-886C-F003A6B84F10}.Release|Any CPU.Build.0 = Release|Any CPU
		{C89EBC21-DBBB-4EA8-8AB7-FA14C77E5691}.Debug|Any CPU.ActiveCfg = Debug|Any CPU
		{C89EBC21-DBBB-4EA8-8AB7-FA14C77E5691}.Debug|Any CPU.Build.0 = Debug|Any CPU
		{C89EBC21-DBBB-4EA8-8AB7-FA14C77E5691}.Release|Any CPU.ActiveCfg = Release|Any CPU
		{C89EBC21-DBBB-4EA8-8AB7-FA14C77E5691}.Release|Any CPU.Build.0 = Release|Any CPU
		{DA1FDABB-B4A4-4F56-AF24-A1F56AFE6A70}.Debug|Any CPU.ActiveCfg = Debug|Any CPU
		{DA1FDABB-B4A4-4F56-AF24-A1F56AFE6A70}.Debug|Any CPU.Build.0 = Debug|Any CPU
		{DA1FDABB-B4A4-4F56-AF24-A1F56AFE6A70}.Release|Any CPU.ActiveCfg = Release|Any CPU
		{DA1FDABB-B4A4-4F56-AF24-A1F56AFE6A70}.Release|Any CPU.Build.0 = Release|Any CPU
		{46C92A54-52CB-4FC4-A320-FFB00B671CB3}.Debug|Any CPU.ActiveCfg = Debug|Any CPU
		{46C92A54-52CB-4FC4-A320-FFB00B671CB3}.Debug|Any CPU.Build.0 = Debug|Any CPU
		{46C92A54-52CB-4FC4-A320-FFB00B671CB3}.Release|Any CPU.ActiveCfg = Release|Any CPU
		{46C92A54-52CB-4FC4-A320-FFB00B671CB3}.Release|Any CPU.Build.0 = Release|Any CPU
		{66E1B72D-BEE0-4855-BC3F-8BF20C083B11}.Debug|Any CPU.ActiveCfg = Debug|Any CPU
		{66E1B72D-BEE0-4855-BC3F-8BF20C083B11}.Debug|Any CPU.Build.0 = Debug|Any CPU
		{66E1B72D-BEE0-4855-BC3F-8BF20C083B11}.Release|Any CPU.ActiveCfg = Release|Any CPU
		{66E1B72D-BEE0-4855-BC3F-8BF20C083B11}.Release|Any CPU.Build.0 = Release|Any CPU
		{F0EE904D-D5A9-4157-BE87-92D64CF17201}.Debug|Any CPU.ActiveCfg = Debug|Any CPU
		{F0EE904D-D5A9-4157-BE87-92D64CF17201}.Debug|Any CPU.Build.0 = Debug|Any CPU
		{F0EE904D-D5A9-4157-BE87-92D64CF17201}.Release|Any CPU.ActiveCfg = Release|Any CPU
		{F0EE904D-D5A9-4157-BE87-92D64CF17201}.Release|Any CPU.Build.0 = Release|Any CPU
		{BC70FFAB-67E6-4027-8E70-28F632429893}.Debug|Any CPU.ActiveCfg = Debug|Any CPU
		{BC70FFAB-67E6-4027-8E70-28F632429893}.Debug|Any CPU.Build.0 = Debug|Any CPU
		{BC70FFAB-67E6-4027-8E70-28F632429893}.Release|Any CPU.ActiveCfg = Release|Any CPU
		{BC70FFAB-67E6-4027-8E70-28F632429893}.Release|Any CPU.Build.0 = Release|Any CPU
		{AAB8AF59-B9B4-4A8A-93F8-323E23A42D0D}.Debug|Any CPU.ActiveCfg = Debug|Any CPU
		{AAB8AF59-B9B4-4A8A-93F8-323E23A42D0D}.Debug|Any CPU.Build.0 = Debug|Any CPU
		{AAB8AF59-B9B4-4A8A-93F8-323E23A42D0D}.Release|Any CPU.ActiveCfg = Release|Any CPU
		{AAB8AF59-B9B4-4A8A-93F8-323E23A42D0D}.Release|Any CPU.Build.0 = Release|Any CPU
		{F21DD400-9121-444B-9A8B-E061D536F7E0}.Debug|Any CPU.ActiveCfg = Debug|Any CPU
		{F21DD400-9121-444B-9A8B-E061D536F7E0}.Debug|Any CPU.Build.0 = Debug|Any CPU
		{F21DD400-9121-444B-9A8B-E061D536F7E0}.Release|Any CPU.ActiveCfg = Release|Any CPU
		{F21DD400-9121-444B-9A8B-E061D536F7E0}.Release|Any CPU.Build.0 = Release|Any CPU
		{8FB2B59E-4F58-494A-A01A-9B88BA662528}.Debug|Any CPU.ActiveCfg = Debug|Any CPU
		{8FB2B59E-4F58-494A-A01A-9B88BA662528}.Debug|Any CPU.Build.0 = Debug|Any CPU
		{8FB2B59E-4F58-494A-A01A-9B88BA662528}.Release|Any CPU.ActiveCfg = Release|Any CPU
		{8FB2B59E-4F58-494A-A01A-9B88BA662528}.Release|Any CPU.Build.0 = Release|Any CPU
		{270F780C-6676-4821-9BFD-9373050827D0}.Debug|Any CPU.ActiveCfg = Debug|Any CPU
		{270F780C-6676-4821-9BFD-9373050827D0}.Debug|Any CPU.Build.0 = Debug|Any CPU
		{270F780C-6676-4821-9BFD-9373050827D0}.Release|Any CPU.ActiveCfg = Release|Any CPU
		{270F780C-6676-4821-9BFD-9373050827D0}.Release|Any CPU.Build.0 = Release|Any CPU
		{74F96B53-C15B-40A4-ABD1-ADC594E68881}.Debug|Any CPU.ActiveCfg = Debug|Any CPU
		{74F96B53-C15B-40A4-ABD1-ADC594E68881}.Debug|Any CPU.Build.0 = Debug|Any CPU
		{74F96B53-C15B-40A4-ABD1-ADC594E68881}.Release|Any CPU.ActiveCfg = Release|Any CPU
		{74F96B53-C15B-40A4-ABD1-ADC594E68881}.Release|Any CPU.Build.0 = Release|Any CPU
		{A0A2FADB-1607-4F49-9F7C-07B29CB507D9}.Debug|Any CPU.ActiveCfg = Debug|Any CPU
		{A0A2FADB-1607-4F49-9F7C-07B29CB507D9}.Debug|Any CPU.Build.0 = Debug|Any CPU
		{A0A2FADB-1607-4F49-9F7C-07B29CB507D9}.Release|Any CPU.ActiveCfg = Release|Any CPU
		{A0A2FADB-1607-4F49-9F7C-07B29CB507D9}.Release|Any CPU.Build.0 = Release|Any CPU
		{2086BFD5-0994-4CD3-A6AF-918938CE4BF3}.Debug|Any CPU.ActiveCfg = Debug|Any CPU
		{2086BFD5-0994-4CD3-A6AF-918938CE4BF3}.Debug|Any CPU.Build.0 = Debug|Any CPU
		{2086BFD5-0994-4CD3-A6AF-918938CE4BF3}.Release|Any CPU.ActiveCfg = Release|Any CPU
		{2086BFD5-0994-4CD3-A6AF-918938CE4BF3}.Release|Any CPU.Build.0 = Release|Any CPU
		{651A4910-836D-471C-918B-BA0C29A180D1}.Debug|Any CPU.ActiveCfg = Debug|Any CPU
		{651A4910-836D-471C-918B-BA0C29A180D1}.Debug|Any CPU.Build.0 = Debug|Any CPU
		{651A4910-836D-471C-918B-BA0C29A180D1}.Release|Any CPU.ActiveCfg = Release|Any CPU
		{651A4910-836D-471C-918B-BA0C29A180D1}.Release|Any CPU.Build.0 = Release|Any CPU
	EndGlobalSection
	GlobalSection(SolutionProperties) = preSolution
		HideSolutionNode = FALSE
	EndGlobalSection
	GlobalSection(NestedProjects) = preSolution
		{818555D1-8FF5-4432-9A2B-DEAE9F3AD557} = {873389EA-684B-4BC4-8BDC-B8B9540420BB}
		{7827031B-2390-41CB-B656-9F257B753D15} = {9647E938-26B0-4B53-85D5-E8139B0EDC0F}
		{F1599523-C8E2-44B4-A16A-D754112C420D} = {2F104538-526B-4746-8047-1305AAEBE970}
		{6B587ACA-CF8E-4B8F-8213-7493FA81B3E4} = {F1599523-C8E2-44B4-A16A-D754112C420D}
		{C01B6393-4A8B-49AC-BC09-55A3A8AC05AC} = {9647E938-26B0-4B53-85D5-E8139B0EDC0F}
		{46B67C50-EF4A-4A44-9FBA-9F8344F9A190} = {9647E938-26B0-4B53-85D5-E8139B0EDC0F}
		{D4756A87-8B8B-49E8-A0F5-75B5363ABBED} = {2F104538-526B-4746-8047-1305AAEBE970}
		{AB0F2D38-CCDA-4188-886C-F003A6B84F10} = {D4756A87-8B8B-49E8-A0F5-75B5363ABBED}
		{79708797-6459-4D29-9DB9-F05AE183AAF0} = {2F104538-526B-4746-8047-1305AAEBE970}
		{C89EBC21-DBBB-4EA8-8AB7-FA14C77E5691} = {F1599523-C8E2-44B4-A16A-D754112C420D}
		{D61CCFA8-898C-49FD-9350-8D75BE3C9E1A} = {A72E5619-B6FD-43A0-BE2F-8F9261B22497}
		{DA1FDABB-B4A4-4F56-AF24-A1F56AFE6A70} = {D61CCFA8-898C-49FD-9350-8D75BE3C9E1A}
		{46C92A54-52CB-4FC4-A320-FFB00B671CB3} = {79708797-6459-4D29-9DB9-F05AE183AAF0}
		{66E1B72D-BEE0-4855-BC3F-8BF20C083B11} = {D61CCFA8-898C-49FD-9350-8D75BE3C9E1A}
		{F0EE904D-D5A9-4157-BE87-92D64CF17201} = {79708797-6459-4D29-9DB9-F05AE183AAF0}
		{BC70FFAB-67E6-4027-8E70-28F632429893} = {D61CCFA8-898C-49FD-9350-8D75BE3C9E1A}
		{AAB8AF59-B9B4-4A8A-93F8-323E23A42D0D} = {79708797-6459-4D29-9DB9-F05AE183AAF0}
		{F21DD400-9121-444B-9A8B-E061D536F7E0} = {D61CCFA8-898C-49FD-9350-8D75BE3C9E1A}
		{8FB2B59E-4F58-494A-A01A-9B88BA662528} = {79708797-6459-4D29-9DB9-F05AE183AAF0}
		{270F780C-6676-4821-9BFD-9373050827D0} = {79708797-6459-4D29-9DB9-F05AE183AAF0}
		{74F96B53-C15B-40A4-ABD1-ADC594E68881} = {D61CCFA8-898C-49FD-9350-8D75BE3C9E1A}
		{A0A2FADB-1607-4F49-9F7C-07B29CB507D9} = {F1599523-C8E2-44B4-A16A-D754112C420D}
		{2086BFD5-0994-4CD3-A6AF-918938CE4BF3} = {D61CCFA8-898C-49FD-9350-8D75BE3C9E1A}
	EndGlobalSection
	GlobalSection(ExtensibilityGlobals) = postSolution
		SolutionGuid = {710B9DAF-D1C6-419F-90BF-948520BF9AB0}
	EndGlobalSection
EndGlobal
